# THIS IS AN AUTOGENERATED FILE. DO NOT EDIT THIS FILE DIRECTLY.
# yarn lockfile v1


dom-confetti@0.2.2:
  version "0.2.2"
  resolved "https://registry.yarnpkg.com/dom-confetti/-/dom-confetti-0.2.2.tgz#bdf2e7652d37b5cffb532c0a3263d108dd8a2363"
  integrity sha512-+UVH9Y85qmpTnbmFURwLWjqLIykyIrsNSRkPX/eFlBuOURz9RDX8JoZHnajZHyFuCV0w/K3+tZK0ztfoTw6ejg==

react-dom-confetti@^0.2.0:
  version "0.2.0"
  resolved "https://registry.yarnpkg.com/react-dom-confetti/-/react-dom-confetti-0.2.0.tgz#76df26762da532057d5b1fbe38a8096f9dc33d40"
  integrity sha512-+XRTi+WlCrcRN2dTjdEopOaPFtS7hpaHRRQ0sHiVRGqpchKz4QVh3i+6eLEEpNHYpN2VgPmhjvJ/vnjmUYhlIQ==
  dependencies:
    dom-confetti "0.2.2"
