# THIS IS AN AUTOGENERATED FILE. DO NOT EDIT THIS FILE DIRECTLY.
# yarn lockfile v1


"@mantine/hooks@^7.0.2":
  version "7.0.2"
  resolved "https://registry.yarnpkg.com/@mantine/hooks/-/hooks-7.0.2.tgz#2a561a34a451d6b332253f070fc7d4649397d1c0"
  integrity sha512-Zs0h7O9yI4Lhcebp/eXN+jfFSBS4jNuKRN5msj54decKcnA9ZxjkUpUqAwCNU0Re+cx6RFSBmB8eOA/+5sw+nA==
