# THIS IS AN AUTOGENERATED FILE. DO NOT EDIT THIS FILE DIRECTLY.
# yarn lockfile v1


"@fontsource/caveat-brush@^5.0.8":
  version "5.0.8"
  resolved "https://registry.yarnpkg.com/@fontsource/caveat-brush/-/caveat-brush-5.0.8.tgz#5b543dde90f9b77dddd1ab6c5d6c6c49f9af235f"
  integrity sha512-4vr7WOIbR+HKrDtCVSyeLng9rUn5AgIWcUlOcd1i36uKNV6QXsYTvuPESIq6aAJ0NajpaRnGgxA0niQSrFmLAA==
